// !$*UTF8*$!
{
	archiveVersion = 1;
	classes = {
	};
	objectVersion = 55;
	objects = {

/* Begin PBXBuildFile section */
		9A6CA2B3268AD6C100DE09FF /* OnBoardingAppApp.swift in Sources */ = {isa = PBXBuildFile; fileRef = 9A6CA2A5268AD6BF00DE09FF /* OnBoardingAppApp.swift */; };
		9A6CA2B4268AD6C100DE09FF /* OnBoardingAppApp.swift in Sources */ = {isa = PBXBuildFile; fileRef = 9A6CA2A5268AD6BF00DE09FF /* OnBoardingAppApp.swift */; };
		9A6CA2B5268AD6C100DE09FF /* ContentView.swift in Sources */ = {isa = PBXBuildFile; fileRef = 9A6CA2A6268AD6BF00DE09FF /* ContentView.swift */; };
		9A6CA2B6268AD6C100DE09FF /* ContentView.swift in Sources */ = {isa = PBXBuildFile; fileRef = 9A6CA2A6268AD6BF00DE09FF /* ContentView.swift */; };
		9A6CA2B7268AD6C100DE09FF /* Assets.xcassets in Resources */ = {isa = PBXBuildFile; fileRef = 9A6CA2A7268AD6C000DE09FF /* Assets.xcassets */; };
		9A6CA2B8268AD6C100DE09FF /* Assets.xcassets in Resources */ = {isa = PBXBuildFile; fileRef = 9A6CA2A7268AD6C000DE09FF /* Assets.xcassets */; };
		9A6CA2C2268B57CC00DE09FF /* SubView.swift in Sources */ = {isa = PBXBuildFile; fileRef = 9A6CA2C1268B57CC00DE09FF /* SubView.swift */; };
		9A6CA2C3268B57CC00DE09FF /* SubView.swift in Sources */ = {isa = PBXBuildFile; fileRef = 9A6CA2C1268B57CC00DE09FF /* SubView.swift */; };
		9A6CA2C5268B587F00DE09FF /* SubViewModel.swift in Sources */ = {isa = PBXBuildFile; fileRef = 9A6CA2C4268B587F00DE09FF /* SubViewModel.swift */; };
		9A6CA2C6268B587F00DE09FF /* SubViewModel.swift in Sources */ = {isa = PBXBuildFile; fileRef = 9A6CA2C4268B587F00DE09FF /* SubViewModel.swift */; };
/* End PBXBuildFile section */

/* Begin PBXFileReference section */
		9A6CA2A5268AD6BF00DE09FF /* OnBoardingAppApp.swift */ = {isa = PBXFileReference; lastKnownFileType = sourcecode.swift; path = OnBoardingAppApp.swift; sourceTree = "<group>"; };
		9A6CA2A6268AD6BF00DE09FF /* ContentView.swift */ = {isa = PBXFileReference; lastKnownFileType = sourcecode.swift; path = ContentView.swift; sourceTree = "<group>"; };
		9A6CA2A7268AD6C000DE09FF /* Assets.xcassets */ = {isa = PBXFileReference; lastKnownFileType = folder.assetcatalog; path = Assets.xcassets; sourceTree = "<group>"; };
		9A6CA2AC268AD6C000DE09FF /* OnBoardingApp.app */ = {isa = PBXFileReference; explicitFileType = wrapper.application; includeInIndex = 0; path = OnBoardingApp.app; sourceTree = BUILT_PRODUCTS_DIR; };
		9A6CA2B2268AD6C100DE09FF /* OnBoardingApp.app */ = {isa = PBXFileReference; explicitFileType = wrapper.application; includeInIndex = 0; path = OnBoardingApp.app; sourceTree = BUILT_PRODUCTS_DIR; };
		9A6CA2C1268B57CC00DE09FF /* SubView.swift */ = {isa = PBXFileReference; lastKnownFileType = sourcecode.swift; path = SubView.swift; sourceTree = "<group>"; };
		9A6CA2C4268B587F00DE09FF /* SubViewModel.swift */ = {isa = PBXFileReference; lastKnownFileType = sourcecode.swift; path = SubViewModel.swift; sourceTree = "<group>"; };
/* End PBXFileReference section */

/* Begin PBXFrameworksBuildPhase section */
		9A6CA2A9268AD6C000DE09FF /* Frameworks */ = {
			isa = PBXFrameworksBuildPhase;
			buildActionMask = 2147483647;
			files = (
			);
			runOnlyForDeploymentPostprocessing = 0;
		};
		9A6CA2AF268AD6C100DE09FF /* Frameworks */ = {
			isa = PBXFrameworksBuildPhase;
			buildActionMask = 2147483647;
			files = (
			);
			runOnlyForDeploymentPostprocessing = 0;
		};
/* End PBXFrameworksBuildPhase section */

/* Begin PBXGroup section */
		9A6CA29F268AD6BE00DE09FF = {
			isa = PBXGroup;
			children = (
				9A6CA2A4268AD6BF00DE09FF /* Shared */,
				9A6CA2AD268AD6C000DE09FF /* Products */,
			);
			sourceTree = "<group>";
		};
		9A6CA2A4268AD6BF00DE09FF /* Shared */ = {
			isa = PBXGroup;
			children = (
				9A6CA2A5268AD6BF00DE09FF /* OnBoardingAppApp.swift */,
				9A6CA2A6268AD6BF00DE09FF /* ContentView.swift */,
				9A6CA2A7268AD6C000DE09FF /* Assets.xcassets */,
				9A6CA2C1268B57CC00DE09FF /* SubView.swift */,
				9A6CA2C4268B587F00DE09FF /* SubViewModel.swift */,
			);
			path = Shared;
			sourceTree = "<group>";
		};
		9A6CA2AD268AD6C000DE09FF /* Products */ = {
			isa = PBXGroup;
			children = (
				9A6CA2AC268AD6C000DE09FF /* OnBoardingApp.app */,
				9A6CA2B2268AD6C100DE09FF /* OnBoardingApp.app */,
			);
			name = Products;
			sourceTree = "<group>";
		};
/* End PBXGroup section */

/* Begin PBXNativeTarget section */
		9A6CA2AB268AD6C000DE09FF /* OnBoardingApp (iOS) */ = {
			isa = PBXNativeTarget;
			buildConfigurationList = 9A6CA2BB268AD6C100DE09FF /* Build configuration list for PBXNativeTarget "OnBoardingApp (iOS)" */;
			buildPhases = (
				9A6CA2A8268AD6C000DE09FF /* Sources */,
				9A6CA2A9268AD6C000DE09FF /* Frameworks */,
				9A6CA2AA268AD6C000DE09FF /* Resources */,
			);
			buildRules = (
			);
			dependencies = (
			);
			name = "OnBoardingApp (iOS)";
			productName = "OnBoardingApp (iOS)";
			productReference = 9A6CA2AC268AD6C000DE09FF /* OnBoardingApp.app */;
			productType = "com.apple.product-type.application";
		};
		9A6CA2B1268AD6C100DE09FF /* OnBoardingApp (macOS) */ = {
			isa = PBXNativeTarget;
			buildConfigurationList = 9A6CA2BE268AD6C100DE09FF /* Build configuration list for PBXNativeTarget "OnBoardingApp (macOS)" */;
			buildPhases = (
				9A6CA2AE268AD6C100DE09FF /* Sources */,
				9A6CA2AF268AD6C100DE09FF /* Frameworks */,
				9A6CA2B0268AD6C100DE09FF /* Resources */,
			);
			buildRules = (
			);
			dependencies = (
			);
			name = "OnBoardingApp (macOS)";
			productName = "OnBoardingApp (macOS)";
			productReference = 9A6CA2B2268AD6C100DE09FF /* OnBoardingApp.app */;
			productType = "com.apple.product-type.application";
		};
/* End PBXNativeTarget section */

/* Begin PBXProject section */
		9A6CA2A0268AD6BE00DE09FF /* Project object */ = {
			isa = PBXProject;
			attributes = {
				BuildIndependentTargetsInParallel = 1;
				LastSwiftUpdateCheck = 1300;
				LastUpgradeCheck = 1300;
				TargetAttributes = {
					9A6CA2AB268AD6C000DE09FF = {
						CreatedOnToolsVersion = 13.0;
					};
					9A6CA2B1268AD6C100DE09FF = {
						CreatedOnToolsVersion = 13.0;
					};
				};
			};
			buildConfigurationList = 9A6CA2A3268AD6BE00DE09FF /* Build configuration list for PBXProject "OnBoardingApp" */;
			compatibilityVersion = "Xcode 13.0";
			developmentRegion = en;
			hasScannedForEncodings = 0;
			knownRegions = (
				en,
				Base,
			);
			mainGroup = 9A6CA29F268AD6BE00DE09FF;
			productRefGroup = 9A6CA2AD268AD6C000DE09FF /* Products */;
			projectDirPath = "";
			projectRoot = "";
			targets = (
				9A6CA2AB268AD6C000DE09FF /* OnBoardingApp (iOS) */,
				9A6CA2B1268AD6C100DE09FF /* OnBoardingApp (macOS) */,
			);
		};
/* End PBXProject section */

/* Begin PBXResourcesBuildPhase section */
		9A6CA2AA268AD6C000DE09FF /* Resources */ = {
			isa = PBXResourcesBuildPhase;
			buildActionMask = 2147483647;
			files = (
				9A6CA2B7268AD6C100DE09FF /* Assets.xcassets in Resources */,
			);
			runOnlyForDeploymentPostprocessing = 0;
		};
		9A6CA2B0268AD6C100DE09FF /* Resources */ = {
			isa = PBXResourcesBuildPhase;
			buildActionMask = 2147483647;
			files = (
				9A6CA2B8268AD6C100DE09FF /* Assets.xcassets in Resources */,
			);
			runOnlyForDeploymentPostprocessing = 0;
		};
/* End PBXResourcesBuildPhase section */

/* Begin PBXSourcesBuildPhase section */
		9A6CA2A8268AD6C000DE09FF /* Sources */ = {
			isa = PBXSourcesBuildPhase;
			buildActionMask = 2147483647;
			files = (
				9A6CA2C2268B57CC00DE09FF /* SubView.swift in Sources */,
				9A6CA2B5268AD6C100DE09FF /* ContentView.swift in Sources */,
				9A6CA2B3268AD6C100DE09FF /* OnBoardingAppApp.swift in Sources */,
				9A6CA2C5268B587F00DE09FF /* SubViewModel.swift in Sources */,
			);
			runOnlyForDeploymentPostprocessing = 0;
		};
		9A6CA2AE268AD6C100DE09FF /* Sources */ = {
			isa = PBXSourcesBuildPhase;
			buildActionMask = 2147483647;
			files = (
				9A6CA2C3268B57CC00DE09FF /* SubView.swift in Sources */,
				9A6CA2B6268AD6C100DE09FF /* ContentView.swift in Sources */,
				9A6CA2B4268AD6C100DE09FF /* OnBoardingAppApp.swift in Sources */,
				9A6CA2C6268B587F00DE09FF /* SubViewModel.swift in Sources */,
			);
			runOnlyForDeploymentPostprocessing = 0;
		};
/* End PBXSourcesBuildPhase section */

/* Begin XCBuildConfiguration section */
		9A6CA2B9268AD6C100DE09FF /* Debug */ = {
			isa = XCBuildConfiguration;
			buildSettings = {
				ALWAYS_SEARCH_USER_PATHS = NO;
				CLANG_ANALYZER_NONNULL = YES;
				CLANG_ANALYZER_NUMBER_OBJECT_CONVERSION = YES_AGGRESSIVE;
				CLANG_CXX_LANGUAGE_STANDARD = "gnu++14";
				CLANG_CXX_LIBRARY = "libc++";
				CLANG_ENABLE_MODULES = YES;
				CLANG_ENABLE_OBJC_ARC = YES;
				CLANG_ENABLE_OBJC_WEAK = YES;
				CLANG_WARN_BLOCK_CAPTURE_AUTORELEASING = YES;
				CLANG_WARN_BOOL_CONVERSION = YES;
				CLANG_WARN_COMMA = YES;
				CLANG_WARN_CONSTANT_CONVERSION = YES;
				CLANG_WARN_DEPRECATED_OBJC_IMPLEMENTATIONS = YES;
				CLANG_WARN_DIRECT_OBJC_ISA_USAGE = YES_ERROR;
				CLANG_WARN_DOCUMENTATION_COMMENTS = YES;
				CLANG_WARN_EMPTY_BODY = YES;
				CLANG_WARN_ENUM_CONVERSION = YES;
				CLANG_WARN_INFINITE_RECURSION = YES;
				CLANG_WARN_INT_CONVERSION = YES;
				CLANG_WARN_NON_LITERAL_NULL_CONVERSION = YES;
				CLANG_WARN_OBJC_IMPLICIT_RETAIN_SELF = YES;
				CLANG_WARN_OBJC_LITERAL_CONVERSION = YES;
				CLANG_WARN_OBJC_ROOT_CLASS = YES_ERROR;
				CLANG_WARN_QUOTED_INCLUDE_IN_FRAMEWORK_HEADER = YES;
				CLANG_WARN_RANGE_LOOP_ANALYSIS = YES;
				CLANG_WARN_STRICT_PROTOTYPES = YES;
				CLANG_WARN_SUSPICIOUS_MOVE = YES;
				CLANG_WARN_UNGUARDED_AVAILABILITY = YES_AGGRESSIVE;
				CLANG_WARN_UNREACHABLE_CODE = YES;
				CLANG_WARN__DUPLICATE_METHOD_MATCH = YES;
				COPY_PHASE_STRIP = NO;
				DEBUG_INFORMATION_FORMAT = dwarf;
				ENABLE_STRICT_OBJC_MSGSEND = YES;
				ENABLE_TESTABILITY = YES;
				GCC_C_LANGUAGE_STANDARD = gnu11;
				GCC_DYNAMIC_NO_PIC = NO;
				GCC_NO_COMMON_BLOCKS = YES;
				GCC_OPTIMIZATION_LEVEL = 0;
				GCC_PREPROCESSOR_DEFINITIONS = (
					"DEBUG=1",
					"$(inherited)",
				);
				GCC_WARN_64_TO_32_BIT_CONVERSION = YES;
				GCC_WARN_ABOUT_RETURN_TYPE = YES_ERROR;
				GCC_WARN_UNDECLARED_SELECTOR = YES;
				GCC_WARN_UNINITIALIZED_AUTOS = YES_AGGRESSIVE;
				GCC_WARN_UNUSED_FUNCTION = YES;
				GCC_WARN_UNUSED_VARIABLE = YES;
				MTL_ENABLE_DEBUG_INFO = INCLUDE_SOURCE;
				MTL_FAST_MATH = YES;
				ONLY_ACTIVE_ARCH = YES;
				SWIFT_ACTIVE_COMPILATION_CONDITIONS = DEBUG;
				SWIFT_OPTIMIZATION_LEVEL = "-Onone";
			};
			name = Debug;
		};
		9A6CA2BA268AD6C100DE09FF /* Release */ = {
			isa = XCBuildConfiguration;
			buildSettings = {
				ALWAYS_SEARCH_USER_PATHS = NO;
				CLANG_ANALYZER_NONNULL = YES;
				CLANG_ANALYZER_NUMBER_OBJECT_CONVERSION = YES_AGGRESSIVE;
				CLANG_CXX_LANGUAGE_STANDARD = "gnu++14";
				CLANG_CXX_LIBRARY = "libc++";
				CLANG_ENABLE_MODULES = YES;
				CLANG_ENABLE_OBJC_ARC = YES;
				CLANG_ENABLE_OBJC_WEAK = YES;
				CLANG_WARN_BLOCK_CAPTURE_AUTORELEASING = YES;
				CLANG_WARN_BOOL_CONVERSION = YES;
				CLANG_WARN_COMMA = YES;
				CLANG_WARN_CONSTANT_CONVERSION = YES;
				CLANG_WARN_DEPRECATED_OBJC_IMPLEMENTATIONS = YES;
				CLANG_WARN_DIRECT_OBJC_ISA_USAGE = YES_ERROR;
				CLANG_WARN_DOCUMENTATION_COMMENTS = YES;
				CLANG_WARN_EMPTY_BODY = YES;
				CLANG_WARN_ENUM_CONVERSION = YES;
				CLANG_WARN_INFINITE_RECURSION = YES;
				CLANG_WARN_INT_CONVERSION = YES;
				CLANG_WARN_NON_LITERAL_NULL_CONVERSION = YES;
				CLANG_WARN_OBJC_IMPLICIT_RETAIN_SELF = YES;
				CLANG_WARN_OBJC_LITERAL_CONVERSION = YES;
				CLANG_WARN_OBJC_ROOT_CLASS = YES_ERROR;
				CLANG_WARN_QUOTED_INCLUDE_IN_FRAMEWORK_HEADER = YES;
				CLANG_WARN_RANGE_LOOP_ANALYSIS = YES;
				CLANG_WARN_STRICT_PROTOTYPES = YES;
				CLANG_WARN_SUSPICIOUS_MOVE = YES;
				CLANG_WARN_UNGUARDED_AVAILABILITY = YES_AGGRESSIVE;
				CLANG_WARN_UNREACHABLE_CODE = YES;
				CLANG_WARN__DUPLICATE_METHOD_MATCH = YES;
				COPY_PHASE_STRIP = NO;
				DEBUG_INFORMATION_FORMAT = "dwarf-with-dsym";
				ENABLE_NS_ASSERTIONS = NO;
				ENABLE_STRICT_OBJC_MSGSEND = YES;
				GCC_C_LANGUAGE_STANDARD = gnu11;
				GCC_NO_COMMON_BLOCKS = YES;
				GCC_WARN_64_TO_32_BIT_CONVERSION = YES;
				GCC_WARN_ABOUT_RETURN_TYPE = YES_ERROR;
				GCC_WARN_UNDECLARED_SELECTOR = YES;
				GCC_WARN_UNINITIALIZED_AUTOS = YES_AGGRESSIVE;
				GCC_WARN_UNUSED_FUNCTION = YES;
				GCC_WARN_UNUSED_VARIABLE = YES;
				MTL_ENABLE_DEBUG_INFO = NO;
				MTL_FAST_MATH = YES;
				SWIFT_COMPILATION_MODE = wholemodule;
				SWIFT_OPTIMIZATION_LEVEL = "-O";
			};
			name = Release;
		};
		9A6CA2BC268AD6C100DE09FF /* Debug */ = {
			isa = XCBuildConfiguration;
			buildSettings = {
				ASSETCATALOG_COMPILER_APPICON_NAME = AppIcon;
				ASSETCATALOG_COMPILER_GLOBAL_ACCENT_COLOR_NAME = AccentColor;
				CODE_SIGN_STYLE = Automatic;
				CURRENT_PROJECT_VERSION = 1;
				DEVELOPMENT_TEAM = H443SZWX2N;
				ENABLE_PREVIEWS = YES;
				GENERATE_INFOPLIST_FILE = YES;
				INFOPLIST_KEY_UIApplicationSceneManifest_Generation = YES;
				INFOPLIST_KEY_UIApplicationSupportsIndirectInputEvents = YES;
				INFOPLIST_KEY_UILaunchScreen_Generation = YES;
				INFOPLIST_KEY_UISupportedInterfaceOrientations_iPad = "UIInterfaceOrientationPortrait UIInterfaceOrientationPortraitUpsideDown UIInterfaceOrientationLandscapeLeft UIInterfaceOrientationLandscapeRight";
				INFOPLIST_KEY_UISupportedInterfaceOrientations_iPhone = "UIInterfaceOrientationPortrait UIInterfaceOrientationLandscapeLeft UIInterfaceOrientationLandscapeRight";
				IPHONEOS_DEPLOYMENT_TARGET = 14.0;
				LD_RUNPATH_SEARCH_PATHS = (
					"$(inherited)",
					"@executable_path/Frameworks",
				);
				MARKETING_VERSION = 1.0;
				PRODUCT_BUNDLE_IDENTIFIER = com.zeroemotion.OnBoardingApp;
				PRODUCT_NAME = OnBoardingApp;
				SDKROOT = iphoneos;
				SWIFT_EMIT_LOC_STRINGS = YES;
				SWIFT_VERSION = 5.0;
				TARGETED_DEVICE_FAMILY = "1,2";
			};
			name = Debug;
		};
		9A6CA2BD268AD6C100DE09FF /* Release */ = {
			isa = XCBuildConfiguration;
			buildSettings = {
				ASSETCATALOG_COMPILER_APPICON_NAME = AppIcon;
				ASSETCATALOG_COMPILER_GLOBAL_ACCENT_COLOR_NAME = AccentColor;
				CODE_SIGN_STYLE = Automatic;
				CURRENT_PROJECT_VERSION = 1;
				DEVELOPMENT_TEAM = H443SZWX2N;
				ENABLE_PREVIEWS = YES;
				GENERATE_INFOPLIST_FILE = YES;
				INFOPLIST_KEY_UIApplicationSceneManifest_Generation = YES;
				INFOPLIST_KEY_UIApplicationSupportsIndirectInputEvents = YES;
				INFOPLIST_KEY_UILaunchScreen_Generation = YES;
				INFOPLIST_KEY_UISupportedInterfaceOrientations_iPad = "UIInterfaceOrientationPortrait UIInterfaceOrientationPortraitUpsideDown UIInterfaceOrientationLandscapeLeft UIInterfaceOrientationLandscapeRight";
				INFOPLIST_KEY_UISupportedInterfaceOrientations_iPhone = "UIInterfaceOrientationPortrait UIInterfaceOrientationLandscapeLeft UIInterfaceOrientationLandscapeRight";
				IPHONEOS_DEPLOYMENT_TARGET = 14.0;
				LD_RUNPATH_SEARCH_PATHS = (
					"$(inherited)",
					"@executable_path/Frameworks",
				);
				MARKETING_VERSION = 1.0;
				PRODUCT_BUNDLE_IDENTIFIER = com.zeroemotion.OnBoardingApp;
				PRODUCT_NAME = OnBoardingApp;
				SDKROOT = iphoneos;
				SWIFT_EMIT_LOC_STRINGS = YES;
				SWIFT_VERSION = 5.0;
				TARGETED_DEVICE_FAMILY = "1,2";
				VALIDATE_PRODUCT = YES;
			};
			name = Release;
		};
		9A6CA2BF268AD6C100DE09FF /* Debug */ = {
			isa = XCBuildConfiguration;
			buildSettings = {
				ASSETCATALOG_COMPILER_APPICON_NAME = AppIcon;
				ASSETCATALOG_COMPILER_GLOBAL_ACCENT_COLOR_NAME = AccentColor;
				CODE_SIGN_STYLE = Automatic;
				COMBINE_HIDPI_IMAGES = YES;
				CURRENT_PROJECT_VERSION = 1;
				DEVELOPMENT_TEAM = H443SZWX2N;
				ENABLE_APP_SANDBOX = YES;
				ENABLE_HARDENED_RUNTIME = YES;
				ENABLE_PREVIEWS = YES;
				ENABLE_USER_SELECTED_FILES = readonly;
				GENERATE_INFOPLIST_FILE = YES;
				INFOPLIST_KEY_NSHumanReadableCopyright = "";
				LD_RUNPATH_SEARCH_PATHS = (
					"$(inherited)",
					"@executable_path/../Frameworks",
				);
				MACOSX_DEPLOYMENT_TARGET = 11.0;
				MARKETING_VERSION = 1.0;
				PRODUCT_BUNDLE_IDENTIFIER = com.zeroemotion.OnBoardingApp;
				PRODUCT_NAME = OnBoardingApp;
				SDKROOT = macosx;
				SWIFT_EMIT_LOC_STRINGS = YES;
				SWIFT_VERSION = 5.0;
			};
			name = Debug;
		};
		9A6CA2C0268AD6C100DE09FF /* Release */ = {
			isa = XCBuildConfiguration;
			buildSettings = {
				ASSETCATALOG_COMPILER_APPICON_NAME = AppIcon;
				ASSETCATALOG_COMPILER_GLOBAL_ACCENT_COLOR_NAME = AccentColor;
				CODE_SIGN_STYLE = Automatic;
				COMBINE_HIDPI_IMAGES = YES;
				CURRENT_PROJECT_VERSION = 1;
				DEVELOPMENT_TEAM = H443SZWX2N;
				ENABLE_APP_SANDBOX = YES;
				ENABLE_HARDENED_RUNTIME = YES;
				ENABLE_PREVIEWS = YES;
				ENABLE_USER_SELECTED_FILES = readonly;
				GENERATE_INFOPLIST_FILE = YES;
				INFOPLIST_KEY_NSHumanReadableCopyright = "";
				LD_RUNPATH_SEARCH_PATHS = (
					"$(inherited)",
					"@executable_path/../Frameworks",
				);
				MACOSX_DEPLOYMENT_TARGET = 11.0;
				MARKETING_VERSION = 1.0;
				PRODUCT_BUNDLE_IDENTIFIER = com.zeroemotion.OnBoardingApp;
				PRODUCT_NAME = OnBoardingApp;
				SDKROOT = macosx;
				SWIFT_EMIT_LOC_STRINGS = YES;
				SWIFT_VERSION = 5.0;
			};
			name = Release;
		};
/* End XCBuildConfiguration section */

/* Begin XCConfigurationList section */
		9A6CA2A3268AD6BE00DE09FF /* Build configuration list for PBXProject "OnBoardingApp" */ = {
			isa = XCConfigurationList;
			buildConfigurations = (
				9A6CA2B9268AD6C100DE09FF /* Debug */,
				9A6CA2BA268AD6C100DE09FF /* Release */,
			);
			defaultConfigurationIsVisible = 0;
			defaultConfigurationName = Release;
		};
		9A6CA2BB268AD6C100DE09FF /* Build configuration list for PBXNativeTarget "OnBoardingApp (iOS)" */ = {
			isa = XCConfigurationList;
			buildConfigurations = (
				9A6CA2BC268AD6C100DE09FF /* Debug */,
				9A6CA2BD268AD6C100DE09FF /* Release */,
			);
			defaultConfigurationIsVisible = 0;
			defaultConfigurationName = Release;
		};
		9A6CA2BE268AD6C100DE09FF /* Build configuration list for PBXNativeTarget "OnBoardingApp (macOS)" */ = {
			isa = XCConfigurationList;
			buildConfigurations = (
				9A6CA2BF268AD6C100DE09FF /* Debug */,
				9A6CA2C0268AD6C100DE09FF /* Release */,
			);
			defaultConfigurationIsVisible = 0;
			defaultConfigurationName = Release;
		};
/* End XCConfigurationList section */
	};
	rootObject = 9A6CA2A0268AD6BE00DE09FF /* Project object */;
}
